Microsoft Visual Studio Solution File, Format Version 12.00
# Visual Studio Version 17
VisualStudioVersion = 17.0.31410.414
MinimumVisualStudioVersion = 10.0.40219.1
Project("{9A19103F-16F7-4668-BE54-9A1E7A4F7556}") = "Venflow", "Venflow\Venflow.csproj", "{B16B88AB-3D5E-4A8B-B11C-75F89EFABAEF}"
EndProject
Project("{9A19103F-16F7-4668-BE54-9A1E7A4F7556}") = "Venflow.Benchmarks", "Venflow.Benchmarks\Venflow.Benchmarks.csproj", "{14283B7A-E5F9-4D42-899A-E2438C39DE0D}"
EndProject
Project("{9A19103F-16F7-4668-BE54-9A1E7A4F7556}") = "Venflow.Tests", "Venflow.Tests\Venflow.Tests.csproj", "{BC0B800C-7EF7-42CD-AFEC-45A93EE3814B}"
EndProject
Project("{9A19103F-16F7-4668-BE54-9A1E7A4F7556}") = "Venflow.Shared", "Venflow.Shared\Venflow.Shared.csproj", "{C03CA4A2-4B42-45E0-BB89-6965E4D8123D}"
EndProject
Project("{9A19103F-16F7-4668-BE54-9A1E7A4F7556}") = "Venflow.Score", "Venflow.Score\Venflow.Score.csproj", "{F33684D5-806D-4040-9F19-32EDE6648F3C}"
EndProject
Project("{2150E333-8FDC-42A3-9474-1A3956D46DE8}") = "Core", "Core", "{665796E7-E527-43D5-B095-6000D6C0FF60}"
EndProject
Project("{9A19103F-16F7-4668-BE54-9A1E7A4F7556}") = "Venflow.Extensions.Logging", "Venflow.Extensions.Logging\Venflow.Extensions.Logging.csproj", "{9D79B81A-BBDE-437F-954C-259BB8AA9336}"
EndProject
Project("{9A19103F-16F7-4668-BE54-9A1E7A4F7556}") = "Venflow.Generators", "Venflow.Generators\Venflow.Generators.csproj", "{B617D0A6-90A0-4337-8F8B-D25F7A806040}"
EndProject
Project("{2150E333-8FDC-42A3-9474-1A3956D46DE8}") = "Analyzers", "Analyzers", "{3B6EB80A-E40F-464F-8455-67FE8FD7AC77}"
EndProject
Project("{2150E333-8FDC-42A3-9474-1A3956D46DE8}") = "Misc", "Misc", "{EE96D718-66F6-4941-9169-0F5F46D632A6}"
EndProject
Project("{9A19103F-16F7-4668-BE54-9A1E7A4F7556}") = "Venflow.NewtonsoftJson", "Venflow.NewtonsoftJson\Venflow.NewtonsoftJson.csproj", "{AD531038-6689-45EE-8DF8-FB169F187FA2}"
EndProject
Project("{9A19103F-16F7-4668-BE54-9A1E7A4F7556}") = "Venflow.AspNetCore", "Venflow.AspNetCore\Venflow.AspNetCore.csproj", "{06498DCC-F8EE-475F-8FDE-2E63EC88996D}"
EndProject
Project("{9A19103F-16F7-4668-BE54-9A1E7A4F7556}") = "Venflow.Keys", "Venflow.Keys\Venflow.Keys.csproj", "{E282DF57-89A8-46F2-872F-37F84A84C87E}"
EndProject
Project("{9A19103F-16F7-4668-BE54-9A1E7A4F7556}") = "Venflow.Tests.Keys", "Venflow.Tests.Keys\Venflow.Tests.Keys.csproj", "{9083AF7D-BB3C-47E5-8A6E-AC3A05DAED83}"
EndProject
Global
	GlobalSection(SolutionConfigurationPlatforms) = preSolution
		Debug|Any CPU = Debug|Any CPU
		Release|Any CPU = Release|Any CPU
	EndGlobalSection
	GlobalSection(ProjectConfigurationPlatforms) = postSolution
		{B16B88AB-3D5E-4A8B-B11C-75F89EFABAEF}.Debug|Any CPU.ActiveCfg = Debug|Any CPU
		{B16B88AB-3D5E-4A8B-B11C-75F89EFABAEF}.Debug|Any CPU.Build.0 = Debug|Any CPU
		{B16B88AB-3D5E-4A8B-B11C-75F89EFABAEF}.Release|Any CPU.ActiveCfg = Release|Any CPU
		{B16B88AB-3D5E-4A8B-B11C-75F89EFABAEF}.Release|Any CPU.Build.0 = Release|Any CPU
		{14283B7A-E5F9-4D42-899A-E2438C39DE0D}.Debug|Any CPU.ActiveCfg = Debug|Any CPU
		{14283B7A-E5F9-4D42-899A-E2438C39DE0D}.Debug|Any CPU.Build.0 = Debug|Any CPU
		{14283B7A-E5F9-4D42-899A-E2438C39DE0D}.Release|Any CPU.ActiveCfg = Release|Any CPU
		{14283B7A-E5F9-4D42-899A-E2438C39DE0D}.Release|Any CPU.Build.0 = Release|Any CPU
		{BC0B800C-7EF7-42CD-AFEC-45A93EE3814B}.Debug|Any CPU.ActiveCfg = Debug|Any CPU
		{BC0B800C-7EF7-42CD-AFEC-45A93EE3814B}.Debug|Any CPU.Build.0 = Debug|Any CPU
		{BC0B800C-7EF7-42CD-AFEC-45A93EE3814B}.Release|Any CPU.ActiveCfg = Release|Any CPU
		{BC0B800C-7EF7-42CD-AFEC-45A93EE3814B}.Release|Any CPU.Build.0 = Release|Any CPU
		{C03CA4A2-4B42-45E0-BB89-6965E4D8123D}.Debug|Any CPU.ActiveCfg = Debug|Any CPU
		{C03CA4A2-4B42-45E0-BB89-6965E4D8123D}.Debug|Any CPU.Build.0 = Debug|Any CPU
		{C03CA4A2-4B42-45E0-BB89-6965E4D8123D}.Release|Any CPU.ActiveCfg = Release|Any CPU
		{C03CA4A2-4B42-45E0-BB89-6965E4D8123D}.Release|Any CPU.Build.0 = Release|Any CPU
		{F33684D5-806D-4040-9F19-32EDE6648F3C}.Debug|Any CPU.ActiveCfg = Debug|Any CPU
		{F33684D5-806D-4040-9F19-32EDE6648F3C}.Debug|Any CPU.Build.0 = Debug|Any CPU
		{F33684D5-806D-4040-9F19-32EDE6648F3C}.Release|Any CPU.ActiveCfg = Release|Any CPU
		{F33684D5-806D-4040-9F19-32EDE6648F3C}.Release|Any CPU.Build.0 = Release|Any CPU
		{9D79B81A-BBDE-437F-954C-259BB8AA9336}.Debug|Any CPU.ActiveCfg = Debug|Any CPU
		{9D79B81A-BBDE-437F-954C-259BB8AA9336}.Debug|Any CPU.Build.0 = Debug|Any CPU
		{9D79B81A-BBDE-437F-954C-259BB8AA9336}.Release|Any CPU.ActiveCfg = Release|Any CPU
		{9D79B81A-BBDE-437F-954C-259BB8AA9336}.Release|Any CPU.Build.0 = Release|Any CPU
		{B617D0A6-90A0-4337-8F8B-D25F7A806040}.Debug|Any CPU.ActiveCfg = Debug|Any CPU
		{B617D0A6-90A0-4337-8F8B-D25F7A806040}.Debug|Any CPU.Build.0 = Debug|Any CPU
		{B617D0A6-90A0-4337-8F8B-D25F7A806040}.Release|Any CPU.ActiveCfg = Release|Any CPU
		{B617D0A6-90A0-4337-8F8B-D25F7A806040}.Release|Any CPU.Build.0 = Release|Any CPU
		{AD531038-6689-45EE-8DF8-FB169F187FA2}.Debug|Any CPU.ActiveCfg = Debug|Any CPU
		{AD531038-6689-45EE-8DF8-FB169F187FA2}.Debug|Any CPU.Build.0 = Debug|Any CPU
		{AD531038-6689-45EE-8DF8-FB169F187FA2}.Release|Any CPU.ActiveCfg = Release|Any CPU
		{AD531038-6689-45EE-8DF8-FB169F187FA2}.Release|Any CPU.Build.0 = Release|Any CPU
		{06498DCC-F8EE-475F-8FDE-2E63EC88996D}.Debug|Any CPU.ActiveCfg = Debug|Any CPU
		{06498DCC-F8EE-475F-8FDE-2E63EC88996D}.Debug|Any CPU.Build.0 = Debug|Any CPU
		{06498DCC-F8EE-475F-8FDE-2E63EC88996D}.Release|Any CPU.ActiveCfg = Release|Any CPU
		{06498DCC-F8EE-475F-8FDE-2E63EC88996D}.Release|Any CPU.Build.0 = Release|Any CPU
		{E282DF57-89A8-46F2-872F-37F84A84C87E}.Debug|Any CPU.ActiveCfg = Debug|Any CPU
		{E282DF57-89A8-46F2-872F-37F84A84C87E}.Debug|Any CPU.Build.0 = Debug|Any CPU
		{E282DF57-89A8-46F2-872F-37F84A84C87E}.Release|Any CPU.ActiveCfg = Release|Any CPU
		{E282DF57-89A8-46F2-872F-37F84A84C87E}.Release|Any CPU.Build.0 = Release|Any CPU
		{9083AF7D-BB3C-47E5-8A6E-AC3A05DAED83}.Debug|Any CPU.ActiveCfg = Debug|Any CPU
		{9083AF7D-BB3C-47E5-8A6E-AC3A05DAED83}.Debug|Any CPU.Build.0 = Debug|Any CPU
		{9083AF7D-BB3C-47E5-8A6E-AC3A05DAED83}.Release|Any CPU.ActiveCfg = Release|Any CPU
		{9083AF7D-BB3C-47E5-8A6E-AC3A05DAED83}.Release|Any CPU.Build.0 = Release|Any CPU
	EndGlobalSection
	GlobalSection(SolutionProperties) = preSolution
		HideSolutionNode = FALSE
	EndGlobalSection
	GlobalSection(NestedProjects) = preSolution
		{B16B88AB-3D5E-4A8B-B11C-75F89EFABAEF} = {665796E7-E527-43D5-B095-6000D6C0FF60}
		{14283B7A-E5F9-4D42-899A-E2438C39DE0D} = {EE96D718-66F6-4941-9169-0F5F46D632A6}
		{BC0B800C-7EF7-42CD-AFEC-45A93EE3814B} = {EE96D718-66F6-4941-9169-0F5F46D632A6}
		{C03CA4A2-4B42-45E0-BB89-6965E4D8123D} = {EE96D718-66F6-4941-9169-0F5F46D632A6}
		{F33684D5-806D-4040-9F19-32EDE6648F3C} = {EE96D718-66F6-4941-9169-0F5F46D632A6}
		{9D79B81A-BBDE-437F-954C-259BB8AA9336} = {665796E7-E527-43D5-B095-6000D6C0FF60}
		{B617D0A6-90A0-4337-8F8B-D25F7A806040} = {3B6EB80A-E40F-464F-8455-67FE8FD7AC77}
		{AD531038-6689-45EE-8DF8-FB169F187FA2} = {665796E7-E527-43D5-B095-6000D6C0FF60}
		{06498DCC-F8EE-475F-8FDE-2E63EC88996D} = {665796E7-E527-43D5-B095-6000D6C0FF60}
		{E282DF57-89A8-46F2-872F-37F84A84C87E} = {665796E7-E527-43D5-B095-6000D6C0FF60}
		{9083AF7D-BB3C-47E5-8A6E-AC3A05DAED83} = {EE96D718-66F6-4941-9169-0F5F46D632A6}
	EndGlobalSection
	GlobalSection(ExtensibilityGlobals) = postSolution
		SolutionGuid = {020D29CB-7D63-45D4-8F95-7C89DC06E6E6}
	EndGlobalSection
EndGlobal
