Microsoft Visual Studio Solution File, Format Version 12.00
# Visual Studio Version 17
VisualStudioVersion = 17.0.31410.414
MinimumVisualStudioVersion = 10.0.40219.1
Project("{9A19103F-16F7-4668-BE54-9A1E7A4F7556}") = "Venflow", "src\Venflow\Venflow.csproj", "{B16B88AB-3D5E-4A8B-B11C-75F89EFABAEF}"
EndProject
Project("{9A19103F-16F7-4668-BE54-9A1E7A4F7556}") = "Venflow.Benchmarks", "test\Venflow.Benchmarks\Venflow.Benchmarks.csproj", "{14283B7A-E5F9-4D42-899A-E2438C39DE0D}"
EndProject
Project("{9A19103F-16F7-4668-BE54-9A1E7A4F7556}") = "Venflow.Tests", "test\Venflow.Tests\Venflow.Tests.csproj", "{BC0B800C-7EF7-42CD-AFEC-45A93EE3814B}"
EndProject
Project("{9A19103F-16F7-4668-BE54-9A1E7A4F7556}") = "Venflow.Shared", "test\Venflow.Shared\Venflow.Shared.csproj", "{C03CA4A2-4B42-45E0-BB89-6965E4D8123D}"
EndProject
Project("{9A19103F-16F7-4668-BE54-9A1E7A4F7556}") = "Venflow.Score", "test\Venflow.Score\Venflow.Score.csproj", "{F33684D5-806D-4040-9F19-32EDE6648F3C}"
EndProject
Project("{2150E333-8FDC-42A3-9474-1A3956D46DE8}") = "src", "src", "{665796E7-E527-43D5-B095-6000D6C0FF60}"
EndProject
Project("{9A19103F-16F7-4668-BE54-9A1E7A4F7556}") = "Venflow.Extensions.Logging", "src\Venflow.Extensions.Logging\Venflow.Extensions.Logging.csproj", "{9D79B81A-BBDE-437F-954C-259BB8AA9336}"
EndProject
Project("{9A19103F-16F7-4668-BE54-9A1E7A4F7556}") = "Venflow.Generators", "src\Venflow.Generators\Venflow.Generators.csproj", "{B617D0A6-90A0-4337-8F8B-D25F7A806040}"
EndProject
Project("{2150E333-8FDC-42A3-9474-1A3956D46DE8}") = "Analyzers", "Analyzers", "{3B6EB80A-E40F-464F-8455-67FE8FD7AC77}"
EndProject
Project("{2150E333-8FDC-42A3-9474-1A3956D46DE8}") = "test", "test", "{EE96D718-66F6-4941-9169-0F5F46D632A6}"
EndProject
Project("{9A19103F-16F7-4668-BE54-9A1E7A4F7556}") = "Venflow.NewtonsoftJson", "src\Venflow.NewtonsoftJson\Venflow.NewtonsoftJson.csproj", "{AD531038-6689-45EE-8DF8-FB169F187FA2}"
EndProject
Project("{9A19103F-16F7-4668-BE54-9A1E7A4F7556}") = "Venflow.AspNetCore", "src\Venflow.AspNetCore\Venflow.AspNetCore.csproj", "{06498DCC-F8EE-475F-8FDE-2E63EC88996D}"
EndProject
Project("{9A19103F-16F7-4668-BE54-9A1E7A4F7556}") = "Venflow.Keys", "src\Venflow.Keys\Venflow.Keys.csproj", "{E282DF57-89A8-46F2-872F-37F84A84C87E}"
	ProjectSection(ProjectDependencies) = postProject
		{B617D0A6-90A0-4337-8F8B-D25F7A806040} = {B617D0A6-90A0-4337-8F8B-D25F7A806040}
	EndProjectSection
EndProject
Project("{9A19103F-16F7-4668-BE54-9A1E7A4F7556}") = "Venflow.Tests.Keys", "test\Venflow.Tests.Keys\Venflow.Tests.Keys.csproj", "{9083AF7D-BB3C-47E5-8A6E-AC3A05DAED83}"
EndProject
Project("{2150E333-8FDC-42A3-9474-1A3956D46DE8}") = "Solution Items", "Solution Items", "{6D7D8C52-F02A-4C25-9D40-BE13ED9A7641}"
	ProjectSection(SolutionItems) = preProject
		.editorconfig = .editorconfig
	EndProjectSection
EndProject
Project("{2150E333-8FDC-42A3-9474-1A3956D46DE8}") = "Extensions", "Extensions", "{9E9C09CF-506F-49A8-8970-35EEAE8EBFD7}"
EndProject
Project("{2150E333-8FDC-42A3-9474-1A3956D46DE8}") = "Reflow", "Reflow", "{C5886FD4-BD01-499B-B3D3-1BA0BF2B1D3B}"
EndProject
Project("{2150E333-8FDC-42A3-9474-1A3956D46DE8}") = "Venflow", "Venflow", "{6FEB2C35-E5E5-427D-AEF3-5E4C2C4C2168}"
EndProject
Project("{9A19103F-16F7-4668-BE54-9A1E7A4F7556}") = "Reflow", "src\Reflow\Reflow.csproj", "{91A3AEEC-1CBB-4B31-979B-CF91EC3EE5EB}"
EndProject
Project("{2150E333-8FDC-42A3-9474-1A3956D46DE8}") = "Analyzers", "Analyzers", "{BCB6D863-5657-4179-9C6B-1779CFEF9B1F}"
EndProject
Project("{9A19103F-16F7-4668-BE54-9A1E7A4F7556}") = "Reflow.Analyzer", "src\Reflow.Analyzer\Reflow.Analyzer.csproj", "{28D63A25-D4F3-441C-97F4-9FF68B6E7C5D}"
EndProject
Project("{2150E333-8FDC-42A3-9474-1A3956D46DE8}") = "Venflow", "Venflow", "{36D1EF4A-6B1B-42A5-885F-BDBA55F1A04B}"
EndProject
Project("{D954291E-2A0B-460D-934E-DC6B0785DB48}") = "Reflow.Analyzer.Shared", "src\Reflow.Analyzer.Shared\Reflow.Analyzer.Shared.shproj", "{08D360BA-AE0A-4234-9F25-2E11D499A52C}"
EndProject
Global
	GlobalSection(SharedMSBuildProjectFiles) = preSolution
		src\Reflow.Analyzer.Shared\Reflow.Analyzer.Shared.projitems*{08d360ba-ae0a-4234-9f25-2e11d499a52c}*SharedItemsImports = 13
		src\Reflow.Analyzer.Shared\Reflow.Analyzer.Shared.projitems*{28d63a25-d4f3-441c-97f4-9ff68b6e7c5d}*SharedItemsImports = 5
	EndGlobalSection
	GlobalSection(SolutionConfigurationPlatforms) = preSolution
		Debug|Any CPU = Debug|Any CPU
		Release|Any CPU = Release|Any CPU
	EndGlobalSection
	GlobalSection(ProjectConfigurationPlatforms) = postSolution
		{B16B88AB-3D5E-4A8B-B11C-75F89EFABAEF}.Debug|Any CPU.ActiveCfg = Debug|Any CPU
		{B16B88AB-3D5E-4A8B-B11C-75F89EFABAEF}.Debug|Any CPU.Build.0 = Debug|Any CPU
		{B16B88AB-3D5E-4A8B-B11C-75F89EFABAEF}.Release|Any CPU.ActiveCfg = Release|Any CPU
		{B16B88AB-3D5E-4A8B-B11C-75F89EFABAEF}.Release|Any CPU.Build.0 = Release|Any CPU
		{14283B7A-E5F9-4D42-899A-E2438C39DE0D}.Debug|Any CPU.ActiveCfg = Debug|Any CPU
		{14283B7A-E5F9-4D42-899A-E2438C39DE0D}.Debug|Any CPU.Build.0 = Debug|Any CPU
		{14283B7A-E5F9-4D42-899A-E2438C39DE0D}.Release|Any CPU.ActiveCfg = Release|Any CPU
		{14283B7A-E5F9-4D42-899A-E2438C39DE0D}.Release|Any CPU.Build.0 = Release|Any CPU
		{BC0B800C-7EF7-42CD-AFEC-45A93EE3814B}.Debug|Any CPU.ActiveCfg = Debug|Any CPU
		{BC0B800C-7EF7-42CD-AFEC-45A93EE3814B}.Debug|Any CPU.Build.0 = Debug|Any CPU
		{BC0B800C-7EF7-42CD-AFEC-45A93EE3814B}.Release|Any CPU.ActiveCfg = Release|Any CPU
		{BC0B800C-7EF7-42CD-AFEC-45A93EE3814B}.Release|Any CPU.Build.0 = Release|Any CPU
		{C03CA4A2-4B42-45E0-BB89-6965E4D8123D}.Debug|Any CPU.ActiveCfg = Debug|Any CPU
		{C03CA4A2-4B42-45E0-BB89-6965E4D8123D}.Debug|Any CPU.Build.0 = Debug|Any CPU
		{C03CA4A2-4B42-45E0-BB89-6965E4D8123D}.Release|Any CPU.ActiveCfg = Release|Any CPU
		{C03CA4A2-4B42-45E0-BB89-6965E4D8123D}.Release|Any CPU.Build.0 = Release|Any CPU
		{F33684D5-806D-4040-9F19-32EDE6648F3C}.Debug|Any CPU.ActiveCfg = Debug|Any CPU
		{F33684D5-806D-4040-9F19-32EDE6648F3C}.Debug|Any CPU.Build.0 = Debug|Any CPU
		{F33684D5-806D-4040-9F19-32EDE6648F3C}.Release|Any CPU.ActiveCfg = Release|Any CPU
		{F33684D5-806D-4040-9F19-32EDE6648F3C}.Release|Any CPU.Build.0 = Release|Any CPU
		{9D79B81A-BBDE-437F-954C-259BB8AA9336}.Debug|Any CPU.ActiveCfg = Debug|Any CPU
		{9D79B81A-BBDE-437F-954C-259BB8AA9336}.Debug|Any CPU.Build.0 = Debug|Any CPU
		{9D79B81A-BBDE-437F-954C-259BB8AA9336}.Release|Any CPU.ActiveCfg = Release|Any CPU
		{9D79B81A-BBDE-437F-954C-259BB8AA9336}.Release|Any CPU.Build.0 = Release|Any CPU
		{B617D0A6-90A0-4337-8F8B-D25F7A806040}.Debug|Any CPU.ActiveCfg = Debug|Any CPU
		{B617D0A6-90A0-4337-8F8B-D25F7A806040}.Debug|Any CPU.Build.0 = Debug|Any CPU
		{B617D0A6-90A0-4337-8F8B-D25F7A806040}.Release|Any CPU.ActiveCfg = Release|Any CPU
		{B617D0A6-90A0-4337-8F8B-D25F7A806040}.Release|Any CPU.Build.0 = Release|Any CPU
		{AD531038-6689-45EE-8DF8-FB169F187FA2}.Debug|Any CPU.ActiveCfg = Debug|Any CPU
		{AD531038-6689-45EE-8DF8-FB169F187FA2}.Debug|Any CPU.Build.0 = Debug|Any CPU
		{AD531038-6689-45EE-8DF8-FB169F187FA2}.Release|Any CPU.ActiveCfg = Release|Any CPU
		{AD531038-6689-45EE-8DF8-FB169F187FA2}.Release|Any CPU.Build.0 = Release|Any CPU
		{06498DCC-F8EE-475F-8FDE-2E63EC88996D}.Debug|Any CPU.ActiveCfg = Debug|Any CPU
		{06498DCC-F8EE-475F-8FDE-2E63EC88996D}.Debug|Any CPU.Build.0 = Debug|Any CPU
		{06498DCC-F8EE-475F-8FDE-2E63EC88996D}.Release|Any CPU.ActiveCfg = Release|Any CPU
		{06498DCC-F8EE-475F-8FDE-2E63EC88996D}.Release|Any CPU.Build.0 = Release|Any CPU
		{E282DF57-89A8-46F2-872F-37F84A84C87E}.Debug|Any CPU.ActiveCfg = Debug|Any CPU
		{E282DF57-89A8-46F2-872F-37F84A84C87E}.Debug|Any CPU.Build.0 = Debug|Any CPU
		{E282DF57-89A8-46F2-872F-37F84A84C87E}.Release|Any CPU.ActiveCfg = Release|Any CPU
		{E282DF57-89A8-46F2-872F-37F84A84C87E}.Release|Any CPU.Build.0 = Release|Any CPU
		{9083AF7D-BB3C-47E5-8A6E-AC3A05DAED83}.Debug|Any CPU.ActiveCfg = Debug|Any CPU
		{9083AF7D-BB3C-47E5-8A6E-AC3A05DAED83}.Debug|Any CPU.Build.0 = Debug|Any CPU
		{9083AF7D-BB3C-47E5-8A6E-AC3A05DAED83}.Release|Any CPU.ActiveCfg = Release|Any CPU
		{9083AF7D-BB3C-47E5-8A6E-AC3A05DAED83}.Release|Any CPU.Build.0 = Release|Any CPU
		{91A3AEEC-1CBB-4B31-979B-CF91EC3EE5EB}.Debug|Any CPU.ActiveCfg = Debug|Any CPU
		{91A3AEEC-1CBB-4B31-979B-CF91EC3EE5EB}.Debug|Any CPU.Build.0 = Debug|Any CPU
		{91A3AEEC-1CBB-4B31-979B-CF91EC3EE5EB}.Release|Any CPU.ActiveCfg = Release|Any CPU
		{91A3AEEC-1CBB-4B31-979B-CF91EC3EE5EB}.Release|Any CPU.Build.0 = Release|Any CPU
		{28D63A25-D4F3-441C-97F4-9FF68B6E7C5D}.Debug|Any CPU.ActiveCfg = Debug|Any CPU
		{28D63A25-D4F3-441C-97F4-9FF68B6E7C5D}.Debug|Any CPU.Build.0 = Debug|Any CPU
		{28D63A25-D4F3-441C-97F4-9FF68B6E7C5D}.Release|Any CPU.ActiveCfg = Release|Any CPU
		{28D63A25-D4F3-441C-97F4-9FF68B6E7C5D}.Release|Any CPU.Build.0 = Release|Any CPU
	EndGlobalSection
	GlobalSection(SolutionProperties) = preSolution
		HideSolutionNode = FALSE
	EndGlobalSection
	GlobalSection(NestedProjects) = preSolution
		{B16B88AB-3D5E-4A8B-B11C-75F89EFABAEF} = {6FEB2C35-E5E5-427D-AEF3-5E4C2C4C2168}
		{14283B7A-E5F9-4D42-899A-E2438C39DE0D} = {36D1EF4A-6B1B-42A5-885F-BDBA55F1A04B}
		{BC0B800C-7EF7-42CD-AFEC-45A93EE3814B} = {36D1EF4A-6B1B-42A5-885F-BDBA55F1A04B}
		{C03CA4A2-4B42-45E0-BB89-6965E4D8123D} = {36D1EF4A-6B1B-42A5-885F-BDBA55F1A04B}
		{F33684D5-806D-4040-9F19-32EDE6648F3C} = {36D1EF4A-6B1B-42A5-885F-BDBA55F1A04B}
		{9D79B81A-BBDE-437F-954C-259BB8AA9336} = {9E9C09CF-506F-49A8-8970-35EEAE8EBFD7}
		{B617D0A6-90A0-4337-8F8B-D25F7A806040} = {3B6EB80A-E40F-464F-8455-67FE8FD7AC77}
		{3B6EB80A-E40F-464F-8455-67FE8FD7AC77} = {6FEB2C35-E5E5-427D-AEF3-5E4C2C4C2168}
		{AD531038-6689-45EE-8DF8-FB169F187FA2} = {9E9C09CF-506F-49A8-8970-35EEAE8EBFD7}
		{06498DCC-F8EE-475F-8FDE-2E63EC88996D} = {9E9C09CF-506F-49A8-8970-35EEAE8EBFD7}
		{E282DF57-89A8-46F2-872F-37F84A84C87E} = {6FEB2C35-E5E5-427D-AEF3-5E4C2C4C2168}
		{9083AF7D-BB3C-47E5-8A6E-AC3A05DAED83} = {36D1EF4A-6B1B-42A5-885F-BDBA55F1A04B}
		{9E9C09CF-506F-49A8-8970-35EEAE8EBFD7} = {6FEB2C35-E5E5-427D-AEF3-5E4C2C4C2168}
		{C5886FD4-BD01-499B-B3D3-1BA0BF2B1D3B} = {665796E7-E527-43D5-B095-6000D6C0FF60}
		{6FEB2C35-E5E5-427D-AEF3-5E4C2C4C2168} = {665796E7-E527-43D5-B095-6000D6C0FF60}
		{91A3AEEC-1CBB-4B31-979B-CF91EC3EE5EB} = {C5886FD4-BD01-499B-B3D3-1BA0BF2B1D3B}
		{BCB6D863-5657-4179-9C6B-1779CFEF9B1F} = {C5886FD4-BD01-499B-B3D3-1BA0BF2B1D3B}
		{28D63A25-D4F3-441C-97F4-9FF68B6E7C5D} = {BCB6D863-5657-4179-9C6B-1779CFEF9B1F}
		{36D1EF4A-6B1B-42A5-885F-BDBA55F1A04B} = {EE96D718-66F6-4941-9169-0F5F46D632A6}
		{08D360BA-AE0A-4234-9F25-2E11D499A52C} = {BCB6D863-5657-4179-9C6B-1779CFEF9B1F}
	EndGlobalSection
	GlobalSection(ExtensibilityGlobals) = postSolution
		SolutionGuid = {020D29CB-7D63-45D4-8F95-7C89DC06E6E6}
	EndGlobalSection
EndGlobal
