Microsoft Visual Studio Solution File, Format Version 12.00
# Visual Studio Version 17
VisualStudioVersion = 17.0.31410.414
MinimumVisualStudioVersion = 10.0.40219.1
Project("{9A19103F-16F7-4668-BE54-9A1E7A4F7556}") = "Venflow.Benchmarks", "test\Venflow.Benchmarks\Venflow.Benchmarks.csproj", "{14283B7A-E5F9-4D42-899A-E2438C39DE0D}"
EndProject
Project("{9A19103F-16F7-4668-BE54-9A1E7A4F7556}") = "Venflow.Tests", "test\Venflow.Tests\Venflow.Tests.csproj", "{BC0B800C-7EF7-42CD-AFEC-45A93EE3814B}"
EndProject
Project("{9A19103F-16F7-4668-BE54-9A1E7A4F7556}") = "Venflow.Shared", "test\Venflow.Shared\Venflow.Shared.csproj", "{C03CA4A2-4B42-45E0-BB89-6965E4D8123D}"
EndProject
Project("{9A19103F-16F7-4668-BE54-9A1E7A4F7556}") = "Venflow.Score", "test\Venflow.Score\Venflow.Score.csproj", "{F33684D5-806D-4040-9F19-32EDE6648F3C}"
EndProject
Project("{2150E333-8FDC-42A3-9474-1A3956D46DE8}") = "src", "src", "{665796E7-E527-43D5-B095-6000D6C0FF60}"
EndProject
Project("{2150E333-8FDC-42A3-9474-1A3956D46DE8}") = "test", "test", "{EE96D718-66F6-4941-9169-0F5F46D632A6}"
EndProject
Project("{9A19103F-16F7-4668-BE54-9A1E7A4F7556}") = "Venflow.Tests.Keys", "test\Venflow.Tests.Keys\Venflow.Tests.Keys.csproj", "{9083AF7D-BB3C-47E5-8A6E-AC3A05DAED83}"
EndProject
Project("{2150E333-8FDC-42A3-9474-1A3956D46DE8}") = "Solution Items", "Solution Items", "{6D7D8C52-F02A-4C25-9D40-BE13ED9A7641}"
	ProjectSection(SolutionItems) = preProject
		.editorconfig = .editorconfig
	EndProjectSection
EndProject
Project("{2150E333-8FDC-42A3-9474-1A3956D46DE8}") = "Reflow", "Reflow", "{C5886FD4-BD01-499B-B3D3-1BA0BF2B1D3B}"
EndProject
Project("{2150E333-8FDC-42A3-9474-1A3956D46DE8}") = "Analyzers", "Analyzers", "{BCB6D863-5657-4179-9C6B-1779CFEF9B1F}"
EndProject
Project("{2150E333-8FDC-42A3-9474-1A3956D46DE8}") = "Venflow", "Venflow", "{36D1EF4A-6B1B-42A5-885F-BDBA55F1A04B}"
EndProject
Project("{9A19103F-16F7-4668-BE54-9A1E7A4F7556}") = "Reflow.Playground", "src\Reflow.Playground\Reflow.Playground.csproj", "{B60A2FF5-CFD4-4E23-A434-4961AB97D86E}"
EndProject
Project("{9A19103F-16F7-4668-BE54-9A1E7A4F7556}") = "Reflow", "src\Reflow\Reflow.csproj", "{F37C48F1-BB27-485F-9144-731E25518E6B}"
EndProject
Project("{9A19103F-16F7-4668-BE54-9A1E7A4F7556}") = "Reflow.Analyzer", "src\Reflow.Analyzer\Reflow.Analyzer.csproj", "{4EB59672-4D9C-49FB-9EE2-E0AA16D854F4}"
EndProject
Project("{FAE04EC0-301F-11D3-BF4B-00C04F79EFBC}") = "Reflow.Performance", "Reflow.Performance\Reflow.Performance.csproj", "{EBF67325-BA4C-4E3C-A87E-AE73304B1004}"
EndProject
Project("{2150E333-8FDC-42A3-9474-1A3956D46DE8}") = "Extensions", "Extensions", "{3A98B604-2BDF-4E66-8783-4F385E4F4225}"
EndProject
Project("{FAE04EC0-301F-11D3-BF4B-00C04F79EFBC}") = "Reflow.Extensions", "src\Reflow.Extensions\Reflow.Extensions.csproj", "{32E82793-0D5E-4EF7-8344-FF9FD80F678F}"
EndProject
Project("{FAE04EC0-301F-11D3-BF4B-00C04F79EFBC}") = "Reflow.Extension", "src\Reflow.Extension\Reflow.Extension.csproj", "{F755E2CC-7E69-4287-8077-F04FC1901187}"
EndProject
Project("{9A19103F-16F7-4668-BE54-9A1E7A4F7556}") = "Reflow.Analyzer.Diagnostic", "src\Reflow.Analyzer.Diagnostic\Reflow.Analyzer.Diagnostic.csproj", "{FEF84B05-7B41-4EE7-BD2F-1DBFE277E691}"
EndProject
Project("{D954291E-2A0B-460D-934E-DC6B0785DB48}") = "Reflow.Analyzer.Shared", "src\Reflow.Analyzer.Shared\Reflow.Analyzer.Shared.shproj", "{01A6D4B1-FC6E-48C3-8CB8-1DE2650F9E20}"
EndProject
Project("{9A19103F-16F7-4668-BE54-9A1E7A4F7556}") = "Reflow.Analyzer.Incremental", "src\Reflow.Analyzer.Incremental\Reflow.Analyzer.Incremental.csproj", "{1AEBAE42-8E82-431D-8424-0EFFA1EDCD5D}"
EndProject
Project("{9A19103F-16F7-4668-BE54-9A1E7A4F7556}") = "Reflow.Keys", "src\Reflow.Keys\Reflow.Keys.csproj", "{937A19E2-F8E2-4D12-9C27-F2F1ADEADD92}"
EndProject
Project("{9A19103F-16F7-4668-BE54-9A1E7A4F7556}") = "Reflow.Keys.Analyzer", "src\Reflow.Keys.Analyzer\Reflow.Keys.Analyzer.csproj", "{1CA59C7A-37C3-491C-9FF1-30A952A7D8B7}"
EndProject
Project("{9A19103F-16F7-4668-BE54-9A1E7A4F7556}") = "Reflow.Keys.Analyzer.Diagnostic", "src\Reflow.Keys.Analyzer.Diagnostic\Reflow.Keys.Analyzer.Diagnostic.csproj", "{64395669-2F35-437E-A15E-B6DC2AEE0C17}"
EndProject
Project("{2150E333-8FDC-42A3-9474-1A3956D46DE8}") = "Reflow", "Reflow", "{6708937C-4E5C-498D-BD17-7BBB0DAFC262}"
EndProject
Project("{9A19103F-16F7-4668-BE54-9A1E7A4F7556}") = "Reflow.Keys.Analyzer.Diagnostic.Tests", "test\Reflow.Keys.Analyzer.Diagnostic.Tests\Reflow.Keys.Analyzer.Diagnostic.Tests.csproj", "{58C274A9-413A-49DC-88C5-92230B61EB01}"
EndProject
Global
	GlobalSection(SolutionConfigurationPlatforms) = preSolution
		Debug|Any CPU = Debug|Any CPU
		Debug|x86 = Debug|x86
		Release|Any CPU = Release|Any CPU
		Release|x86 = Release|x86
	EndGlobalSection
	GlobalSection(ProjectConfigurationPlatforms) = postSolution
		{14283B7A-E5F9-4D42-899A-E2438C39DE0D}.Debug|Any CPU.ActiveCfg = Debug|Any CPU
		{14283B7A-E5F9-4D42-899A-E2438C39DE0D}.Debug|Any CPU.Build.0 = Debug|Any CPU
		{14283B7A-E5F9-4D42-899A-E2438C39DE0D}.Debug|x86.ActiveCfg = Debug|Any CPU
		{14283B7A-E5F9-4D42-899A-E2438C39DE0D}.Release|Any CPU.ActiveCfg = Release|Any CPU
		{14283B7A-E5F9-4D42-899A-E2438C39DE0D}.Release|Any CPU.Build.0 = Release|Any CPU
		{14283B7A-E5F9-4D42-899A-E2438C39DE0D}.Release|x86.ActiveCfg = Release|Any CPU
		{BC0B800C-7EF7-42CD-AFEC-45A93EE3814B}.Debug|Any CPU.ActiveCfg = Debug|Any CPU
		{BC0B800C-7EF7-42CD-AFEC-45A93EE3814B}.Debug|Any CPU.Build.0 = Debug|Any CPU
		{BC0B800C-7EF7-42CD-AFEC-45A93EE3814B}.Debug|x86.ActiveCfg = Debug|Any CPU
		{BC0B800C-7EF7-42CD-AFEC-45A93EE3814B}.Release|Any CPU.ActiveCfg = Release|Any CPU
		{BC0B800C-7EF7-42CD-AFEC-45A93EE3814B}.Release|Any CPU.Build.0 = Release|Any CPU
		{BC0B800C-7EF7-42CD-AFEC-45A93EE3814B}.Release|x86.ActiveCfg = Release|Any CPU
		{C03CA4A2-4B42-45E0-BB89-6965E4D8123D}.Debug|Any CPU.ActiveCfg = Debug|Any CPU
		{C03CA4A2-4B42-45E0-BB89-6965E4D8123D}.Debug|Any CPU.Build.0 = Debug|Any CPU
		{C03CA4A2-4B42-45E0-BB89-6965E4D8123D}.Debug|x86.ActiveCfg = Debug|Any CPU
		{C03CA4A2-4B42-45E0-BB89-6965E4D8123D}.Release|Any CPU.ActiveCfg = Release|Any CPU
		{C03CA4A2-4B42-45E0-BB89-6965E4D8123D}.Release|Any CPU.Build.0 = Release|Any CPU
		{C03CA4A2-4B42-45E0-BB89-6965E4D8123D}.Release|x86.ActiveCfg = Release|Any CPU
		{F33684D5-806D-4040-9F19-32EDE6648F3C}.Debug|Any CPU.ActiveCfg = Debug|Any CPU
		{F33684D5-806D-4040-9F19-32EDE6648F3C}.Debug|Any CPU.Build.0 = Debug|Any CPU
		{F33684D5-806D-4040-9F19-32EDE6648F3C}.Debug|x86.ActiveCfg = Debug|Any CPU
		{F33684D5-806D-4040-9F19-32EDE6648F3C}.Release|Any CPU.ActiveCfg = Release|Any CPU
		{F33684D5-806D-4040-9F19-32EDE6648F3C}.Release|Any CPU.Build.0 = Release|Any CPU
		{F33684D5-806D-4040-9F19-32EDE6648F3C}.Release|x86.ActiveCfg = Release|Any CPU
		{9083AF7D-BB3C-47E5-8A6E-AC3A05DAED83}.Debug|Any CPU.ActiveCfg = Debug|Any CPU
		{9083AF7D-BB3C-47E5-8A6E-AC3A05DAED83}.Debug|Any CPU.Build.0 = Debug|Any CPU
		{9083AF7D-BB3C-47E5-8A6E-AC3A05DAED83}.Debug|x86.ActiveCfg = Debug|Any CPU
		{9083AF7D-BB3C-47E5-8A6E-AC3A05DAED83}.Release|Any CPU.ActiveCfg = Release|Any CPU
		{9083AF7D-BB3C-47E5-8A6E-AC3A05DAED83}.Release|Any CPU.Build.0 = Release|Any CPU
		{9083AF7D-BB3C-47E5-8A6E-AC3A05DAED83}.Release|x86.ActiveCfg = Release|Any CPU
		{B60A2FF5-CFD4-4E23-A434-4961AB97D86E}.Debug|Any CPU.ActiveCfg = Debug|Any CPU
		{B60A2FF5-CFD4-4E23-A434-4961AB97D86E}.Debug|Any CPU.Build.0 = Debug|Any CPU
		{B60A2FF5-CFD4-4E23-A434-4961AB97D86E}.Debug|x86.ActiveCfg = Debug|Any CPU
		{B60A2FF5-CFD4-4E23-A434-4961AB97D86E}.Debug|x86.Build.0 = Debug|Any CPU
		{B60A2FF5-CFD4-4E23-A434-4961AB97D86E}.Release|Any CPU.ActiveCfg = Release|Any CPU
		{B60A2FF5-CFD4-4E23-A434-4961AB97D86E}.Release|Any CPU.Build.0 = Release|Any CPU
		{B60A2FF5-CFD4-4E23-A434-4961AB97D86E}.Release|x86.ActiveCfg = Release|Any CPU
		{B60A2FF5-CFD4-4E23-A434-4961AB97D86E}.Release|x86.Build.0 = Release|Any CPU
		{F37C48F1-BB27-485F-9144-731E25518E6B}.Debug|Any CPU.ActiveCfg = Debug|Any CPU
		{F37C48F1-BB27-485F-9144-731E25518E6B}.Debug|Any CPU.Build.0 = Debug|Any CPU
		{F37C48F1-BB27-485F-9144-731E25518E6B}.Debug|x86.ActiveCfg = Debug|Any CPU
		{F37C48F1-BB27-485F-9144-731E25518E6B}.Debug|x86.Build.0 = Debug|Any CPU
		{F37C48F1-BB27-485F-9144-731E25518E6B}.Release|Any CPU.ActiveCfg = Release|Any CPU
		{F37C48F1-BB27-485F-9144-731E25518E6B}.Release|Any CPU.Build.0 = Release|Any CPU
		{F37C48F1-BB27-485F-9144-731E25518E6B}.Release|x86.ActiveCfg = Release|Any CPU
		{F37C48F1-BB27-485F-9144-731E25518E6B}.Release|x86.Build.0 = Release|Any CPU
		{4EB59672-4D9C-49FB-9EE2-E0AA16D854F4}.Debug|Any CPU.ActiveCfg = Debug|Any CPU
		{4EB59672-4D9C-49FB-9EE2-E0AA16D854F4}.Debug|Any CPU.Build.0 = Debug|Any CPU
		{4EB59672-4D9C-49FB-9EE2-E0AA16D854F4}.Debug|x86.ActiveCfg = Debug|Any CPU
		{4EB59672-4D9C-49FB-9EE2-E0AA16D854F4}.Debug|x86.Build.0 = Debug|Any CPU
		{4EB59672-4D9C-49FB-9EE2-E0AA16D854F4}.Release|Any CPU.ActiveCfg = Release|Any CPU
		{4EB59672-4D9C-49FB-9EE2-E0AA16D854F4}.Release|Any CPU.Build.0 = Release|Any CPU
		{4EB59672-4D9C-49FB-9EE2-E0AA16D854F4}.Release|x86.ActiveCfg = Release|Any CPU
		{4EB59672-4D9C-49FB-9EE2-E0AA16D854F4}.Release|x86.Build.0 = Release|Any CPU
		{EBF67325-BA4C-4E3C-A87E-AE73304B1004}.Debug|Any CPU.ActiveCfg = Debug|Any CPU
		{EBF67325-BA4C-4E3C-A87E-AE73304B1004}.Debug|Any CPU.Build.0 = Debug|Any CPU
		{EBF67325-BA4C-4E3C-A87E-AE73304B1004}.Debug|x86.ActiveCfg = Debug|Any CPU
		{EBF67325-BA4C-4E3C-A87E-AE73304B1004}.Release|Any CPU.ActiveCfg = Release|Any CPU
		{EBF67325-BA4C-4E3C-A87E-AE73304B1004}.Release|Any CPU.Build.0 = Release|Any CPU
		{EBF67325-BA4C-4E3C-A87E-AE73304B1004}.Release|x86.ActiveCfg = Release|Any CPU
		{32E82793-0D5E-4EF7-8344-FF9FD80F678F}.Debug|Any CPU.ActiveCfg = Debug|Any CPU
		{32E82793-0D5E-4EF7-8344-FF9FD80F678F}.Debug|Any CPU.Build.0 = Debug|Any CPU
		{32E82793-0D5E-4EF7-8344-FF9FD80F678F}.Debug|x86.ActiveCfg = Debug|x86
		{32E82793-0D5E-4EF7-8344-FF9FD80F678F}.Debug|x86.Build.0 = Debug|x86
		{32E82793-0D5E-4EF7-8344-FF9FD80F678F}.Release|Any CPU.ActiveCfg = Release|Any CPU
		{32E82793-0D5E-4EF7-8344-FF9FD80F678F}.Release|Any CPU.Build.0 = Release|Any CPU
		{32E82793-0D5E-4EF7-8344-FF9FD80F678F}.Release|x86.ActiveCfg = Release|x86
		{32E82793-0D5E-4EF7-8344-FF9FD80F678F}.Release|x86.Build.0 = Release|x86
		{F755E2CC-7E69-4287-8077-F04FC1901187}.Debug|Any CPU.ActiveCfg = Debug|Any CPU
		{F755E2CC-7E69-4287-8077-F04FC1901187}.Debug|Any CPU.Build.0 = Debug|Any CPU
		{F755E2CC-7E69-4287-8077-F04FC1901187}.Debug|x86.ActiveCfg = Debug|x86
		{F755E2CC-7E69-4287-8077-F04FC1901187}.Debug|x86.Build.0 = Debug|x86
		{F755E2CC-7E69-4287-8077-F04FC1901187}.Release|Any CPU.ActiveCfg = Release|Any CPU
		{F755E2CC-7E69-4287-8077-F04FC1901187}.Release|Any CPU.Build.0 = Release|Any CPU
		{F755E2CC-7E69-4287-8077-F04FC1901187}.Release|x86.ActiveCfg = Release|x86
		{F755E2CC-7E69-4287-8077-F04FC1901187}.Release|x86.Build.0 = Release|x86
		{FEF84B05-7B41-4EE7-BD2F-1DBFE277E691}.Debug|Any CPU.ActiveCfg = Debug|Any CPU
		{FEF84B05-7B41-4EE7-BD2F-1DBFE277E691}.Debug|Any CPU.Build.0 = Debug|Any CPU
		{FEF84B05-7B41-4EE7-BD2F-1DBFE277E691}.Debug|x86.ActiveCfg = Debug|Any CPU
		{FEF84B05-7B41-4EE7-BD2F-1DBFE277E691}.Debug|x86.Build.0 = Debug|Any CPU
		{FEF84B05-7B41-4EE7-BD2F-1DBFE277E691}.Release|Any CPU.ActiveCfg = Release|Any CPU
		{FEF84B05-7B41-4EE7-BD2F-1DBFE277E691}.Release|Any CPU.Build.0 = Release|Any CPU
		{FEF84B05-7B41-4EE7-BD2F-1DBFE277E691}.Release|x86.ActiveCfg = Release|Any CPU
		{FEF84B05-7B41-4EE7-BD2F-1DBFE277E691}.Release|x86.Build.0 = Release|Any CPU
		{1AEBAE42-8E82-431D-8424-0EFFA1EDCD5D}.Debug|Any CPU.ActiveCfg = Debug|Any CPU
		{1AEBAE42-8E82-431D-8424-0EFFA1EDCD5D}.Debug|Any CPU.Build.0 = Debug|Any CPU
		{1AEBAE42-8E82-431D-8424-0EFFA1EDCD5D}.Debug|x86.ActiveCfg = Debug|Any CPU
		{1AEBAE42-8E82-431D-8424-0EFFA1EDCD5D}.Debug|x86.Build.0 = Debug|Any CPU
		{1AEBAE42-8E82-431D-8424-0EFFA1EDCD5D}.Release|Any CPU.ActiveCfg = Release|Any CPU
		{1AEBAE42-8E82-431D-8424-0EFFA1EDCD5D}.Release|Any CPU.Build.0 = Release|Any CPU
		{1AEBAE42-8E82-431D-8424-0EFFA1EDCD5D}.Release|x86.ActiveCfg = Release|Any CPU
		{1AEBAE42-8E82-431D-8424-0EFFA1EDCD5D}.Release|x86.Build.0 = Release|Any CPU
		{937A19E2-F8E2-4D12-9C27-F2F1ADEADD92}.Debug|Any CPU.ActiveCfg = Debug|Any CPU
		{937A19E2-F8E2-4D12-9C27-F2F1ADEADD92}.Debug|Any CPU.Build.0 = Debug|Any CPU
		{937A19E2-F8E2-4D12-9C27-F2F1ADEADD92}.Debug|x86.ActiveCfg = Debug|Any CPU
		{937A19E2-F8E2-4D12-9C27-F2F1ADEADD92}.Debug|x86.Build.0 = Debug|Any CPU
		{937A19E2-F8E2-4D12-9C27-F2F1ADEADD92}.Release|Any CPU.ActiveCfg = Release|Any CPU
		{937A19E2-F8E2-4D12-9C27-F2F1ADEADD92}.Release|Any CPU.Build.0 = Release|Any CPU
		{937A19E2-F8E2-4D12-9C27-F2F1ADEADD92}.Release|x86.ActiveCfg = Release|Any CPU
		{937A19E2-F8E2-4D12-9C27-F2F1ADEADD92}.Release|x86.Build.0 = Release|Any CPU
		{1CA59C7A-37C3-491C-9FF1-30A952A7D8B7}.Debug|Any CPU.ActiveCfg = Debug|Any CPU
		{1CA59C7A-37C3-491C-9FF1-30A952A7D8B7}.Debug|Any CPU.Build.0 = Debug|Any CPU
		{1CA59C7A-37C3-491C-9FF1-30A952A7D8B7}.Debug|x86.ActiveCfg = Debug|Any CPU
		{1CA59C7A-37C3-491C-9FF1-30A952A7D8B7}.Debug|x86.Build.0 = Debug|Any CPU
		{1CA59C7A-37C3-491C-9FF1-30A952A7D8B7}.Release|Any CPU.ActiveCfg = Release|Any CPU
		{1CA59C7A-37C3-491C-9FF1-30A952A7D8B7}.Release|Any CPU.Build.0 = Release|Any CPU
		{1CA59C7A-37C3-491C-9FF1-30A952A7D8B7}.Release|x86.ActiveCfg = Release|Any CPU
		{1CA59C7A-37C3-491C-9FF1-30A952A7D8B7}.Release|x86.Build.0 = Release|Any CPU
		{64395669-2F35-437E-A15E-B6DC2AEE0C17}.Debug|Any CPU.ActiveCfg = Debug|Any CPU
		{64395669-2F35-437E-A15E-B6DC2AEE0C17}.Debug|Any CPU.Build.0 = Debug|Any CPU
		{64395669-2F35-437E-A15E-B6DC2AEE0C17}.Debug|x86.ActiveCfg = Debug|Any CPU
		{64395669-2F35-437E-A15E-B6DC2AEE0C17}.Debug|x86.Build.0 = Debug|Any CPU
		{64395669-2F35-437E-A15E-B6DC2AEE0C17}.Release|Any CPU.ActiveCfg = Release|Any CPU
		{64395669-2F35-437E-A15E-B6DC2AEE0C17}.Release|Any CPU.Build.0 = Release|Any CPU
		{64395669-2F35-437E-A15E-B6DC2AEE0C17}.Release|x86.ActiveCfg = Release|Any CPU
		{64395669-2F35-437E-A15E-B6DC2AEE0C17}.Release|x86.Build.0 = Release|Any CPU
		{58C274A9-413A-49DC-88C5-92230B61EB01}.Debug|Any CPU.ActiveCfg = Debug|Any CPU
		{58C274A9-413A-49DC-88C5-92230B61EB01}.Debug|Any CPU.Build.0 = Debug|Any CPU
		{58C274A9-413A-49DC-88C5-92230B61EB01}.Debug|x86.ActiveCfg = Debug|Any CPU
		{58C274A9-413A-49DC-88C5-92230B61EB01}.Debug|x86.Build.0 = Debug|Any CPU
		{58C274A9-413A-49DC-88C5-92230B61EB01}.Release|Any CPU.ActiveCfg = Release|Any CPU
		{58C274A9-413A-49DC-88C5-92230B61EB01}.Release|Any CPU.Build.0 = Release|Any CPU
		{58C274A9-413A-49DC-88C5-92230B61EB01}.Release|x86.ActiveCfg = Release|Any CPU
		{58C274A9-413A-49DC-88C5-92230B61EB01}.Release|x86.Build.0 = Release|Any CPU
	EndGlobalSection
	GlobalSection(SolutionProperties) = preSolution
		HideSolutionNode = FALSE
	EndGlobalSection
	GlobalSection(NestedProjects) = preSolution
		{14283B7A-E5F9-4D42-899A-E2438C39DE0D} = {36D1EF4A-6B1B-42A5-885F-BDBA55F1A04B}
		{BC0B800C-7EF7-42CD-AFEC-45A93EE3814B} = {36D1EF4A-6B1B-42A5-885F-BDBA55F1A04B}
		{C03CA4A2-4B42-45E0-BB89-6965E4D8123D} = {36D1EF4A-6B1B-42A5-885F-BDBA55F1A04B}
		{F33684D5-806D-4040-9F19-32EDE6648F3C} = {36D1EF4A-6B1B-42A5-885F-BDBA55F1A04B}
		{9083AF7D-BB3C-47E5-8A6E-AC3A05DAED83} = {36D1EF4A-6B1B-42A5-885F-BDBA55F1A04B}
		{C5886FD4-BD01-499B-B3D3-1BA0BF2B1D3B} = {665796E7-E527-43D5-B095-6000D6C0FF60}
		{BCB6D863-5657-4179-9C6B-1779CFEF9B1F} = {C5886FD4-BD01-499B-B3D3-1BA0BF2B1D3B}
		{36D1EF4A-6B1B-42A5-885F-BDBA55F1A04B} = {EE96D718-66F6-4941-9169-0F5F46D632A6}
		{B60A2FF5-CFD4-4E23-A434-4961AB97D86E} = {C5886FD4-BD01-499B-B3D3-1BA0BF2B1D3B}
		{F37C48F1-BB27-485F-9144-731E25518E6B} = {C5886FD4-BD01-499B-B3D3-1BA0BF2B1D3B}
		{4EB59672-4D9C-49FB-9EE2-E0AA16D854F4} = {BCB6D863-5657-4179-9C6B-1779CFEF9B1F}
		{EBF67325-BA4C-4E3C-A87E-AE73304B1004} = {C5886FD4-BD01-499B-B3D3-1BA0BF2B1D3B}
		{3A98B604-2BDF-4E66-8783-4F385E4F4225} = {C5886FD4-BD01-499B-B3D3-1BA0BF2B1D3B}
		{32E82793-0D5E-4EF7-8344-FF9FD80F678F} = {3A98B604-2BDF-4E66-8783-4F385E4F4225}
		{F755E2CC-7E69-4287-8077-F04FC1901187} = {3A98B604-2BDF-4E66-8783-4F385E4F4225}
		{FEF84B05-7B41-4EE7-BD2F-1DBFE277E691} = {BCB6D863-5657-4179-9C6B-1779CFEF9B1F}
		{01A6D4B1-FC6E-48C3-8CB8-1DE2650F9E20} = {BCB6D863-5657-4179-9C6B-1779CFEF9B1F}
		{1AEBAE42-8E82-431D-8424-0EFFA1EDCD5D} = {BCB6D863-5657-4179-9C6B-1779CFEF9B1F}
		{937A19E2-F8E2-4D12-9C27-F2F1ADEADD92} = {C5886FD4-BD01-499B-B3D3-1BA0BF2B1D3B}
		{1CA59C7A-37C3-491C-9FF1-30A952A7D8B7} = {BCB6D863-5657-4179-9C6B-1779CFEF9B1F}
		{64395669-2F35-437E-A15E-B6DC2AEE0C17} = {BCB6D863-5657-4179-9C6B-1779CFEF9B1F}
		{6708937C-4E5C-498D-BD17-7BBB0DAFC262} = {EE96D718-66F6-4941-9169-0F5F46D632A6}
		{58C274A9-413A-49DC-88C5-92230B61EB01} = {6708937C-4E5C-498D-BD17-7BBB0DAFC262}
	EndGlobalSection
	GlobalSection(ExtensibilityGlobals) = postSolution
		SolutionGuid = {020D29CB-7D63-45D4-8F95-7C89DC06E6E6}
	EndGlobalSection
	GlobalSection(SharedMSBuildProjectFiles) = preSolution
		src\Reflow.Analyzer.Shared\Reflow.Analyzer.Shared.projitems*{01a6d4b1-fc6e-48c3-8cb8-1de2650f9e20}*SharedItemsImports = 13
		src\Reflow.Analyzer.Shared\Reflow.Analyzer.Shared.projitems*{1aebae42-8e82-431d-8424-0effa1edcd5d}*SharedItemsImports = 5
		src\Reflow.Analyzer.Shared\Reflow.Analyzer.Shared.projitems*{1ca59c7a-37c3-491c-9ff1-30a952a7d8b7}*SharedItemsImports = 5
		src\Reflow.Analyzer.Shared\Reflow.Analyzer.Shared.projitems*{4eb59672-4d9c-49fb-9ee2-e0aa16d854f4}*SharedItemsImports = 5
		src\Reflow.Analyzer.Shared\Reflow.Analyzer.Shared.projitems*{64395669-2f35-437e-a15e-b6dc2aee0c17}*SharedItemsImports = 5
		src\Reflow.Analyzer.Shared\Reflow.Analyzer.Shared.projitems*{fef84b05-7b41-4ee7-bd2f-1dbfe277e691}*SharedItemsImports = 5
	EndGlobalSection
EndGlobal
