Microsoft Visual Studio Solution File, Format Version 12.00
# Visual Studio Version 17
VisualStudioVersion = 17.0.31410.414
MinimumVisualStudioVersion = 10.0.40219.1
Project("{9A19103F-16F7-4668-BE54-9A1E7A4F7556}") = "Venflow.Benchmarks", "test\Venflow.Benchmarks\Venflow.Benchmarks.csproj", "{14283B7A-E5F9-4D42-899A-E2438C39DE0D}"
EndProject
Project("{9A19103F-16F7-4668-BE54-9A1E7A4F7556}") = "Venflow.Tests", "test\Venflow.Tests\Venflow.Tests.csproj", "{BC0B800C-7EF7-42CD-AFEC-45A93EE3814B}"
EndProject
Project("{9A19103F-16F7-4668-BE54-9A1E7A4F7556}") = "Venflow.Shared", "test\Venflow.Shared\Venflow.Shared.csproj", "{C03CA4A2-4B42-45E0-BB89-6965E4D8123D}"
EndProject
Project("{9A19103F-16F7-4668-BE54-9A1E7A4F7556}") = "Venflow.Score", "test\Venflow.Score\Venflow.Score.csproj", "{F33684D5-806D-4040-9F19-32EDE6648F3C}"
EndProject
Project("{2150E333-8FDC-42A3-9474-1A3956D46DE8}") = "src", "src", "{665796E7-E527-43D5-B095-6000D6C0FF60}"
EndProject
Project("{2150E333-8FDC-42A3-9474-1A3956D46DE8}") = "test", "test", "{EE96D718-66F6-4941-9169-0F5F46D632A6}"
EndProject
Project("{9A19103F-16F7-4668-BE54-9A1E7A4F7556}") = "Venflow.Tests.Keys", "test\Venflow.Tests.Keys\Venflow.Tests.Keys.csproj", "{9083AF7D-BB3C-47E5-8A6E-AC3A05DAED83}"
EndProject
Project("{2150E333-8FDC-42A3-9474-1A3956D46DE8}") = "Solution Items", "Solution Items", "{6D7D8C52-F02A-4C25-9D40-BE13ED9A7641}"
	ProjectSection(SolutionItems) = preProject
		.editorconfig = .editorconfig
	EndProjectSection
EndProject
Project("{2150E333-8FDC-42A3-9474-1A3956D46DE8}") = "Reflow", "Reflow", "{C5886FD4-BD01-499B-B3D3-1BA0BF2B1D3B}"
EndProject
Project("{2150E333-8FDC-42A3-9474-1A3956D46DE8}") = "Analyzers", "Analyzers", "{BCB6D863-5657-4179-9C6B-1779CFEF9B1F}"
EndProject
Project("{2150E333-8FDC-42A3-9474-1A3956D46DE8}") = "Venflow", "Venflow", "{36D1EF4A-6B1B-42A5-885F-BDBA55F1A04B}"
EndProject
Project("{D954291E-2A0B-460D-934E-DC6B0785DB48}") = "Reflow.Analyzer.Shared", "src\Reflow.Analyzer.Shared\Reflow.Analyzer.Shared.shproj", "{08D360BA-AE0A-4234-9F25-2E11D499A52C}"
EndProject
Project("{9A19103F-16F7-4668-BE54-9A1E7A4F7556}") = "Reflow.Playground", "src\Reflow.Playground\Reflow.Playground.csproj", "{B60A2FF5-CFD4-4E23-A434-4961AB97D86E}"
EndProject
Project("{9A19103F-16F7-4668-BE54-9A1E7A4F7556}") = "Reflow", "src\Reflow\Reflow.csproj", "{F37C48F1-BB27-485F-9144-731E25518E6B}"
EndProject
Project("{9A19103F-16F7-4668-BE54-9A1E7A4F7556}") = "Reflow.Analyzer", "src\Reflow.Analyzer\Reflow.Analyzer.csproj", "{4EB59672-4D9C-49FB-9EE2-E0AA16D854F4}"
EndProject
Project("{9A19103F-16F7-4668-BE54-9A1E7A4F7556}") = "Reflow.Internal.Analyzer", "src\Reflow.Internal.Analyzer\Reflow.Internal.Analyzer.csproj", "{5A990350-E706-4345-958B-9D6117B4B5D0}"
EndProject
Project("{9A19103F-16F7-4668-BE54-9A1E7A4F7556}") = "Reflow.Internal.CodeGenerator", "src\Reflow.Internal.CodeGenerator\Reflow.Internal.CodeGenerator.csproj", "{BE026EC3-A690-421A-821E-D89F1081BD13}"
EndProject
Global
	GlobalSection(SharedMSBuildProjectFiles) = preSolution
		src\Reflow.Analyzer.Shared\Reflow.Analyzer.Shared.projitems*{08d360ba-ae0a-4234-9f25-2e11d499a52c}*SharedItemsImports = 13
		src\Reflow.Analyzer.Shared\Reflow.Analyzer.Shared.projitems*{4eb59672-4d9c-49fb-9ee2-e0aa16d854f4}*SharedItemsImports = 5
		src\Reflow.Analyzer.Shared\Reflow.Analyzer.Shared.projitems*{f37c48f1-bb27-485f-9144-731e25518e6b}*SharedItemsImports = 5
	EndGlobalSection
	GlobalSection(SolutionConfigurationPlatforms) = preSolution
		Debug|Any CPU = Debug|Any CPU
		Release|Any CPU = Release|Any CPU
	EndGlobalSection
	GlobalSection(ProjectConfigurationPlatforms) = postSolution
		{14283B7A-E5F9-4D42-899A-E2438C39DE0D}.Debug|Any CPU.ActiveCfg = Debug|Any CPU
		{14283B7A-E5F9-4D42-899A-E2438C39DE0D}.Debug|Any CPU.Build.0 = Debug|Any CPU
		{14283B7A-E5F9-4D42-899A-E2438C39DE0D}.Release|Any CPU.ActiveCfg = Release|Any CPU
		{14283B7A-E5F9-4D42-899A-E2438C39DE0D}.Release|Any CPU.Build.0 = Release|Any CPU
		{BC0B800C-7EF7-42CD-AFEC-45A93EE3814B}.Debug|Any CPU.ActiveCfg = Debug|Any CPU
		{BC0B800C-7EF7-42CD-AFEC-45A93EE3814B}.Debug|Any CPU.Build.0 = Debug|Any CPU
		{BC0B800C-7EF7-42CD-AFEC-45A93EE3814B}.Release|Any CPU.ActiveCfg = Release|Any CPU
		{BC0B800C-7EF7-42CD-AFEC-45A93EE3814B}.Release|Any CPU.Build.0 = Release|Any CPU
		{C03CA4A2-4B42-45E0-BB89-6965E4D8123D}.Debug|Any CPU.ActiveCfg = Debug|Any CPU
		{C03CA4A2-4B42-45E0-BB89-6965E4D8123D}.Debug|Any CPU.Build.0 = Debug|Any CPU
		{C03CA4A2-4B42-45E0-BB89-6965E4D8123D}.Release|Any CPU.ActiveCfg = Release|Any CPU
		{C03CA4A2-4B42-45E0-BB89-6965E4D8123D}.Release|Any CPU.Build.0 = Release|Any CPU
		{F33684D5-806D-4040-9F19-32EDE6648F3C}.Debug|Any CPU.ActiveCfg = Debug|Any CPU
		{F33684D5-806D-4040-9F19-32EDE6648F3C}.Debug|Any CPU.Build.0 = Debug|Any CPU
		{F33684D5-806D-4040-9F19-32EDE6648F3C}.Release|Any CPU.ActiveCfg = Release|Any CPU
		{F33684D5-806D-4040-9F19-32EDE6648F3C}.Release|Any CPU.Build.0 = Release|Any CPU
		{9083AF7D-BB3C-47E5-8A6E-AC3A05DAED83}.Debug|Any CPU.ActiveCfg = Debug|Any CPU
		{9083AF7D-BB3C-47E5-8A6E-AC3A05DAED83}.Debug|Any CPU.Build.0 = Debug|Any CPU
		{9083AF7D-BB3C-47E5-8A6E-AC3A05DAED83}.Release|Any CPU.ActiveCfg = Release|Any CPU
		{9083AF7D-BB3C-47E5-8A6E-AC3A05DAED83}.Release|Any CPU.Build.0 = Release|Any CPU
		{B60A2FF5-CFD4-4E23-A434-4961AB97D86E}.Debug|Any CPU.ActiveCfg = Debug|Any CPU
		{B60A2FF5-CFD4-4E23-A434-4961AB97D86E}.Debug|Any CPU.Build.0 = Debug|Any CPU
		{B60A2FF5-CFD4-4E23-A434-4961AB97D86E}.Release|Any CPU.ActiveCfg = Release|Any CPU
		{B60A2FF5-CFD4-4E23-A434-4961AB97D86E}.Release|Any CPU.Build.0 = Release|Any CPU
		{F37C48F1-BB27-485F-9144-731E25518E6B}.Debug|Any CPU.ActiveCfg = Debug|Any CPU
		{F37C48F1-BB27-485F-9144-731E25518E6B}.Debug|Any CPU.Build.0 = Debug|Any CPU
		{F37C48F1-BB27-485F-9144-731E25518E6B}.Release|Any CPU.ActiveCfg = Release|Any CPU
		{F37C48F1-BB27-485F-9144-731E25518E6B}.Release|Any CPU.Build.0 = Release|Any CPU
		{4EB59672-4D9C-49FB-9EE2-E0AA16D854F4}.Debug|Any CPU.ActiveCfg = Debug|Any CPU
		{4EB59672-4D9C-49FB-9EE2-E0AA16D854F4}.Debug|Any CPU.Build.0 = Debug|Any CPU
		{4EB59672-4D9C-49FB-9EE2-E0AA16D854F4}.Release|Any CPU.ActiveCfg = Release|Any CPU
		{4EB59672-4D9C-49FB-9EE2-E0AA16D854F4}.Release|Any CPU.Build.0 = Release|Any CPU
		{5A990350-E706-4345-958B-9D6117B4B5D0}.Debug|Any CPU.ActiveCfg = Debug|Any CPU
		{5A990350-E706-4345-958B-9D6117B4B5D0}.Debug|Any CPU.Build.0 = Debug|Any CPU
		{5A990350-E706-4345-958B-9D6117B4B5D0}.Release|Any CPU.ActiveCfg = Release|Any CPU
		{5A990350-E706-4345-958B-9D6117B4B5D0}.Release|Any CPU.Build.0 = Release|Any CPU
		{BE026EC3-A690-421A-821E-D89F1081BD13}.Debug|Any CPU.ActiveCfg = Debug|Any CPU
		{BE026EC3-A690-421A-821E-D89F1081BD13}.Debug|Any CPU.Build.0 = Debug|Any CPU
		{BE026EC3-A690-421A-821E-D89F1081BD13}.Release|Any CPU.ActiveCfg = Release|Any CPU
		{BE026EC3-A690-421A-821E-D89F1081BD13}.Release|Any CPU.Build.0 = Release|Any CPU
	EndGlobalSection
	GlobalSection(SolutionProperties) = preSolution
		HideSolutionNode = FALSE
	EndGlobalSection
	GlobalSection(NestedProjects) = preSolution
		{14283B7A-E5F9-4D42-899A-E2438C39DE0D} = {36D1EF4A-6B1B-42A5-885F-BDBA55F1A04B}
		{BC0B800C-7EF7-42CD-AFEC-45A93EE3814B} = {36D1EF4A-6B1B-42A5-885F-BDBA55F1A04B}
		{C03CA4A2-4B42-45E0-BB89-6965E4D8123D} = {36D1EF4A-6B1B-42A5-885F-BDBA55F1A04B}
		{F33684D5-806D-4040-9F19-32EDE6648F3C} = {36D1EF4A-6B1B-42A5-885F-BDBA55F1A04B}
		{9083AF7D-BB3C-47E5-8A6E-AC3A05DAED83} = {36D1EF4A-6B1B-42A5-885F-BDBA55F1A04B}
		{C5886FD4-BD01-499B-B3D3-1BA0BF2B1D3B} = {665796E7-E527-43D5-B095-6000D6C0FF60}
		{BCB6D863-5657-4179-9C6B-1779CFEF9B1F} = {C5886FD4-BD01-499B-B3D3-1BA0BF2B1D3B}
		{36D1EF4A-6B1B-42A5-885F-BDBA55F1A04B} = {EE96D718-66F6-4941-9169-0F5F46D632A6}
		{08D360BA-AE0A-4234-9F25-2E11D499A52C} = {BCB6D863-5657-4179-9C6B-1779CFEF9B1F}
		{B60A2FF5-CFD4-4E23-A434-4961AB97D86E} = {C5886FD4-BD01-499B-B3D3-1BA0BF2B1D3B}
		{F37C48F1-BB27-485F-9144-731E25518E6B} = {C5886FD4-BD01-499B-B3D3-1BA0BF2B1D3B}
		{4EB59672-4D9C-49FB-9EE2-E0AA16D854F4} = {BCB6D863-5657-4179-9C6B-1779CFEF9B1F}
		{5A990350-E706-4345-958B-9D6117B4B5D0} = {BCB6D863-5657-4179-9C6B-1779CFEF9B1F}
		{BE026EC3-A690-421A-821E-D89F1081BD13} = {BCB6D863-5657-4179-9C6B-1779CFEF9B1F}
	EndGlobalSection
	GlobalSection(ExtensibilityGlobals) = postSolution
		SolutionGuid = {020D29CB-7D63-45D4-8F95-7C89DC06E6E6}
	EndGlobalSection
EndGlobal
